// !$*UTF8*$!
{
	archiveVersion = 1;
	classes = {
	};
	objectVersion = 55;
	objects = {

/* Begin PBXBuildFile section */
		2A2C36D2296C211900F2C9C2 /* TabBarController.swift in Sources */ = {isa = PBXBuildFile; fileRef = 2A2C36D1296C211900F2C9C2 /* TabBarController.swift */; };
		2A2C36D4296C224F00F2C9C2 /* MainHomeViewController.swift in Sources */ = {isa = PBXBuildFile; fileRef = 2A2C36D3296C224F00F2C9C2 /* MainHomeViewController.swift */; };
		2A2C36D8296C260800F2C9C2 /* CustomBarItem.swift in Sources */ = {isa = PBXBuildFile; fileRef = 2A2C36D7296C260800F2C9C2 /* CustomBarItem.swift */; };
		2A2C36DA296C27B900F2C9C2 /* UIBarButtonItem+CustomView.swift in Sources */ = {isa = PBXBuildFile; fileRef = 2A2C36D9296C27B900F2C9C2 /* UIBarButtonItem+CustomView.swift */; };
		2A2C36DE29701DBF00F2C9C2 /* ItemInfoCell.swift in Sources */ = {isa = PBXBuildFile; fileRef = 2A2C36DD29701DBF00F2C9C2 /* ItemInfoCell.swift */; };
		2A491DC72963059E00F757FA /* CreateIDViewController.swift in Sources */ = {isa = PBXBuildFile; fileRef = 2A491DC62963059E00F757FA /* CreateIDViewController.swift */; };
		2A491DC929630F5F00F757FA /* KeyChainHandler.swift in Sources */ = {isa = PBXBuildFile; fileRef = 2A491DC829630F5F00F757FA /* KeyChainHandler.swift */; };
		2A491DCC2963142A00F757FA /* Link.swift in Sources */ = {isa = PBXBuildFile; fileRef = 2A491DCB2963142A00F757FA /* Link.swift */; };
		2A491DCF2963150A00F757FA /* BaseTargetType.swift in Sources */ = {isa = PBXBuildFile; fileRef = 2A491DCE2963150A00F757FA /* BaseTargetType.swift */; };
		2A491DD12963199E00F757FA /* user.swift in Sources */ = {isa = PBXBuildFile; fileRef = 2A491DD02963199E00F757FA /* user.swift */; };
		2A491DD329658E7A00F757FA /* Extension.swift in Sources */ = {isa = PBXBuildFile; fileRef = 2A491DD229658E7A00F757FA /* Extension.swift */; };
		2A491DD62965C0F200F757FA /* Then in Frameworks */ = {isa = PBXBuildFile; productRef = 2A491DD52965C0F200F757FA /* Then */; };
		2A50200F29476626003B809E /* AppDelegate.swift in Sources */ = {isa = PBXBuildFile; fileRef = 2A50200E29476626003B809E /* AppDelegate.swift */; };
		2A50201129476626003B809E /* SceneDelegate.swift in Sources */ = {isa = PBXBuildFile; fileRef = 2A50201029476626003B809E /* SceneDelegate.swift */; };
		2A50201329476626003B809E /* ViewController.swift in Sources */ = {isa = PBXBuildFile; fileRef = 2A50201229476626003B809E /* ViewController.swift */; };
		2A50201629476626003B809E /* Main.storyboard in Resources */ = {isa = PBXBuildFile; fileRef = 2A50201429476626003B809E /* Main.storyboard */; };
		2A50201829476627003B809E /* Assets.xcassets in Resources */ = {isa = PBXBuildFile; fileRef = 2A50201729476627003B809E /* Assets.xcassets */; };
		2A50201B29476627003B809E /* LaunchScreen.storyboard in Resources */ = {isa = PBXBuildFile; fileRef = 2A50201929476627003B809E /* LaunchScreen.storyboard */; };
		2A50202629476627003B809E /* ShopTests.swift in Sources */ = {isa = PBXBuildFile; fileRef = 2A50202529476627003B809E /* ShopTests.swift */; };
		2A50203029476627003B809E /* ShopUITests.swift in Sources */ = {isa = PBXBuildFile; fileRef = 2A50202F29476627003B809E /* ShopUITests.swift */; };
		2A50203229476627003B809E /* ShopUITestsLaunchTests.swift in Sources */ = {isa = PBXBuildFile; fileRef = 2A50203129476627003B809E /* ShopUITestsLaunchTests.swift */; };
		2A50203F29476BE8003B809E /* product.swift in Sources */ = {isa = PBXBuildFile; fileRef = 2A50203E29476BE8003B809E /* product.swift */; };
		2A671E4C295B20180006E453 /* Cart.swift in Sources */ = {isa = PBXBuildFile; fileRef = 2A671E4B295B20180006E453 /* Cart.swift */; };
		2A671E4F295B235F0006E453 /* LoginViewController.swift in Sources */ = {isa = PBXBuildFile; fileRef = 2A671E4E295B235F0006E453 /* LoginViewController.swift */; };
		2A7172632976BEEB00B8ABA5 /* CategoryListViewController.swift in Sources */ = {isa = PBXBuildFile; fileRef = 2A7172622976BEEB00B8ABA5 /* CategoryListViewController.swift */; };
		2A7172652976C09700B8ABA5 /* CategoryListCollectionViewCell.swift in Sources */ = {isa = PBXBuildFile; fileRef = 2A7172642976C09700B8ABA5 /* CategoryListCollectionViewCell.swift */; };
		2A7172672976C23100B8ABA5 /* MyProfileViewController.swift in Sources */ = {isa = PBXBuildFile; fileRef = 2A7172662976C23100B8ABA5 /* MyProfileViewController.swift */; };
		2A7172692976C31E00B8ABA5 /* UploadProfileImageViewController.swift in Sources */ = {isa = PBXBuildFile; fileRef = 2A7172682976C31E00B8ABA5 /* UploadProfileImageViewController.swift */; };
		2A71726B2976C41B00B8ABA5 /* BackgroundViewController.swift in Sources */ = {isa = PBXBuildFile; fileRef = 2A71726A2976C41B00B8ABA5 /* BackgroundViewController.swift */; };
		2A71726D2976C5AB00B8ABA5 /* CartViewController.swift in Sources */ = {isa = PBXBuildFile; fileRef = 2A71726C2976C5AB00B8ABA5 /* CartViewController.swift */; };
		2A71726F2976C5FD00B8ABA5 /* CartCollectionViewCell.swift in Sources */ = {isa = PBXBuildFile; fileRef = 2A71726E2976C5FD00B8ABA5 /* CartCollectionViewCell.swift */; };
		2A7172712976C66900B8ABA5 /* CartViewFooterCollectionReusableView.swift in Sources */ = {isa = PBXBuildFile; fileRef = 2A7172702976C66900B8ABA5 /* CartViewFooterCollectionReusableView.swift */; };
		2A7172732976C84500B8ABA5 /* MainHomeCollectionViewCell.swift in Sources */ = {isa = PBXBuildFile; fileRef = 2A7172722976C84500B8ABA5 /* MainHomeCollectionViewCell.swift */; };
		2A7172752976C97C00B8ABA5 /* ItemDetailViewController.swift in Sources */ = {isa = PBXBuildFile; fileRef = 2A7172742976C97C00B8ABA5 /* ItemDetailViewController.swift */; };
		2A7172772976CA5500B8ABA5 /* CategoryMenuViewController.swift in Sources */ = {isa = PBXBuildFile; fileRef = 2A7172762976CA5400B8ABA5 /* CategoryMenuViewController.swift */; };
		2A7172792976CB3800B8ABA5 /* CategoryMenuCollectionViewCell.swift in Sources */ = {isa = PBXBuildFile; fileRef = 2A7172782976CB3800B8ABA5 /* CategoryMenuCollectionViewCell.swift */; };
		2ADFCBBD29754F8E00D093EA /* HomeViewModel.swift in Sources */ = {isa = PBXBuildFile; fileRef = 2ADFCBBC29754F8D00D093EA /* HomeViewModel.swift */; };
		2ADFCBBF29754FD700D093EA /* NetworkService.swift in Sources */ = {isa = PBXBuildFile; fileRef = 2ADFCBBE29754FD700D093EA /* NetworkService.swift */; };
		2ADFCBC129754FDF00D093EA /* Resource.swift in Sources */ = {isa = PBXBuildFile; fileRef = 2ADFCBC029754FDF00D093EA /* Resource.swift */; };
		2ADFCBC3297551A700D093EA /* Publisher.swift in Sources */ = {isa = PBXBuildFile; fileRef = 2ADFCBC2297551A700D093EA /* Publisher.swift */; };
		2ADFCBC62975563500D093EA /* SnapKit in Frameworks */ = {isa = PBXBuildFile; productRef = 2ADFCBC52975563500D093EA /* SnapKit */; };
		88BE52FA835866B9EBCCA4E6 /* Pods_ShopTests.framework in Frameworks */ = {isa = PBXBuildFile; fileRef = 4EC06825F38A724D516A6C8A /* Pods_ShopTests.framework */; };
		94B3B1C534939BC26EC1B402 /* Pods_Shop.framework in Frameworks */ = {isa = PBXBuildFile; fileRef = 9BC3927A0FA8149148905444 /* Pods_Shop.framework */; };
		C32085D8AE4A9093BF7C4471 /* Pods_Shop_ShopUITests.framework in Frameworks */ = {isa = PBXBuildFile; fileRef = CA6D329448A51F13DD278580 /* Pods_Shop_ShopUITests.framework */; };
/* End PBXBuildFile section */

/* Begin PBXContainerItemProxy section */
		2A50202229476627003B809E /* PBXContainerItemProxy */ = {
			isa = PBXContainerItemProxy;
			containerPortal = 2A50200329476626003B809E /* Project object */;
			proxyType = 1;
			remoteGlobalIDString = 2A50200A29476626003B809E;
			remoteInfo = Shop;
		};
		2A50202C29476627003B809E /* PBXContainerItemProxy */ = {
			isa = PBXContainerItemProxy;
			containerPortal = 2A50200329476626003B809E /* Project object */;
			proxyType = 1;
			remoteGlobalIDString = 2A50200A29476626003B809E;
			remoteInfo = Shop;
		};
/* End PBXContainerItemProxy section */

/* Begin PBXFileReference section */
		29C827C13B82260C69375F1B /* Pods-ShopTests.release.xcconfig */ = {isa = PBXFileReference; includeInIndex = 1; lastKnownFileType = text.xcconfig; name = "Pods-ShopTests.release.xcconfig"; path = "Target Support Files/Pods-ShopTests/Pods-ShopTests.release.xcconfig"; sourceTree = "<group>"; };
		2A2C36D1296C211900F2C9C2 /* TabBarController.swift */ = {isa = PBXFileReference; lastKnownFileType = sourcecode.swift; path = TabBarController.swift; sourceTree = "<group>"; };
		2A2C36D3296C224F00F2C9C2 /* MainHomeViewController.swift */ = {isa = PBXFileReference; lastKnownFileType = sourcecode.swift; path = MainHomeViewController.swift; sourceTree = "<group>"; };
		2A2C36D7296C260800F2C9C2 /* CustomBarItem.swift */ = {isa = PBXFileReference; lastKnownFileType = sourcecode.swift; path = CustomBarItem.swift; sourceTree = "<group>"; };
		2A2C36D9296C27B900F2C9C2 /* UIBarButtonItem+CustomView.swift */ = {isa = PBXFileReference; lastKnownFileType = sourcecode.swift; path = "UIBarButtonItem+CustomView.swift"; sourceTree = "<group>"; };
		2A2C36DD29701DBF00F2C9C2 /* ItemInfoCell.swift */ = {isa = PBXFileReference; lastKnownFileType = sourcecode.swift; path = ItemInfoCell.swift; sourceTree = "<group>"; };
		2A491DC62963059E00F757FA /* CreateIDViewController.swift */ = {isa = PBXFileReference; lastKnownFileType = sourcecode.swift; path = CreateIDViewController.swift; sourceTree = "<group>"; };
		2A491DC829630F5F00F757FA /* KeyChainHandler.swift */ = {isa = PBXFileReference; lastKnownFileType = sourcecode.swift; path = KeyChainHandler.swift; sourceTree = "<group>"; };
		2A491DCB2963142A00F757FA /* Link.swift */ = {isa = PBXFileReference; lastKnownFileType = sourcecode.swift; path = Link.swift; sourceTree = "<group>"; };
		2A491DCE2963150A00F757FA /* BaseTargetType.swift */ = {isa = PBXFileReference; lastKnownFileType = sourcecode.swift; path = BaseTargetType.swift; sourceTree = "<group>"; };
		2A491DD02963199E00F757FA /* user.swift */ = {isa = PBXFileReference; lastKnownFileType = sourcecode.swift; path = user.swift; sourceTree = "<group>"; };
		2A491DD229658E7A00F757FA /* Extension.swift */ = {isa = PBXFileReference; lastKnownFileType = sourcecode.swift; path = Extension.swift; sourceTree = "<group>"; };
		2A50200B29476626003B809E /* Shop.app */ = {isa = PBXFileReference; explicitFileType = wrapper.application; includeInIndex = 0; path = Shop.app; sourceTree = BUILT_PRODUCTS_DIR; };
		2A50200E29476626003B809E /* AppDelegate.swift */ = {isa = PBXFileReference; lastKnownFileType = sourcecode.swift; path = AppDelegate.swift; sourceTree = "<group>"; };
		2A50201029476626003B809E /* SceneDelegate.swift */ = {isa = PBXFileReference; lastKnownFileType = sourcecode.swift; path = SceneDelegate.swift; sourceTree = "<group>"; };
		2A50201229476626003B809E /* ViewController.swift */ = {isa = PBXFileReference; lastKnownFileType = sourcecode.swift; path = ViewController.swift; sourceTree = "<group>"; };
		2A50201529476626003B809E /* Base */ = {isa = PBXFileReference; lastKnownFileType = file.storyboard; name = Base; path = Base.lproj/Main.storyboard; sourceTree = "<group>"; };
		2A50201729476627003B809E /* Assets.xcassets */ = {isa = PBXFileReference; lastKnownFileType = folder.assetcatalog; path = Assets.xcassets; sourceTree = "<group>"; };
		2A50201A29476627003B809E /* Base */ = {isa = PBXFileReference; lastKnownFileType = file.storyboard; name = Base; path = Base.lproj/LaunchScreen.storyboard; sourceTree = "<group>"; };
		2A50201C29476627003B809E /* Info.plist */ = {isa = PBXFileReference; lastKnownFileType = text.plist.xml; path = Info.plist; sourceTree = "<group>"; };
		2A50202129476627003B809E /* ShopTests.xctest */ = {isa = PBXFileReference; explicitFileType = wrapper.cfbundle; includeInIndex = 0; path = ShopTests.xctest; sourceTree = BUILT_PRODUCTS_DIR; };
		2A50202529476627003B809E /* ShopTests.swift */ = {isa = PBXFileReference; lastKnownFileType = sourcecode.swift; path = ShopTests.swift; sourceTree = "<group>"; };
		2A50202B29476627003B809E /* ShopUITests.xctest */ = {isa = PBXFileReference; explicitFileType = wrapper.cfbundle; includeInIndex = 0; path = ShopUITests.xctest; sourceTree = BUILT_PRODUCTS_DIR; };
		2A50202F29476627003B809E /* ShopUITests.swift */ = {isa = PBXFileReference; lastKnownFileType = sourcecode.swift; path = ShopUITests.swift; sourceTree = "<group>"; };
		2A50203129476627003B809E /* ShopUITestsLaunchTests.swift */ = {isa = PBXFileReference; lastKnownFileType = sourcecode.swift; path = ShopUITestsLaunchTests.swift; sourceTree = "<group>"; };
		2A50203E29476BE8003B809E /* product.swift */ = {isa = PBXFileReference; lastKnownFileType = sourcecode.swift; path = product.swift; sourceTree = "<group>"; };
		2A671E4B295B20180006E453 /* Cart.swift */ = {isa = PBXFileReference; lastKnownFileType = sourcecode.swift; path = Cart.swift; sourceTree = "<group>"; };
		2A671E4E295B235F0006E453 /* LoginViewController.swift */ = {isa = PBXFileReference; lastKnownFileType = sourcecode.swift; path = LoginViewController.swift; sourceTree = "<group>"; };
		2A7172622976BEEB00B8ABA5 /* CategoryListViewController.swift */ = {isa = PBXFileReference; lastKnownFileType = sourcecode.swift; path = CategoryListViewController.swift; sourceTree = "<group>"; };
		2A7172642976C09700B8ABA5 /* CategoryListCollectionViewCell.swift */ = {isa = PBXFileReference; lastKnownFileType = sourcecode.swift; path = CategoryListCollectionViewCell.swift; sourceTree = "<group>"; };
		2A7172662976C23100B8ABA5 /* MyProfileViewController.swift */ = {isa = PBXFileReference; lastKnownFileType = sourcecode.swift; path = MyProfileViewController.swift; sourceTree = "<group>"; };
		2A7172682976C31E00B8ABA5 /* UploadProfileImageViewController.swift */ = {isa = PBXFileReference; lastKnownFileType = sourcecode.swift; path = UploadProfileImageViewController.swift; sourceTree = "<group>"; };
		2A71726A2976C41B00B8ABA5 /* BackgroundViewController.swift */ = {isa = PBXFileReference; lastKnownFileType = sourcecode.swift; path = BackgroundViewController.swift; sourceTree = "<group>"; };
		2A71726C2976C5AB00B8ABA5 /* CartViewController.swift */ = {isa = PBXFileReference; lastKnownFileType = sourcecode.swift; path = CartViewController.swift; sourceTree = "<group>"; };
		2A71726E2976C5FD00B8ABA5 /* CartCollectionViewCell.swift */ = {isa = PBXFileReference; lastKnownFileType = sourcecode.swift; path = CartCollectionViewCell.swift; sourceTree = "<group>"; };
		2A7172702976C66900B8ABA5 /* CartViewFooterCollectionReusableView.swift */ = {isa = PBXFileReference; lastKnownFileType = sourcecode.swift; path = CartViewFooterCollectionReusableView.swift; sourceTree = "<group>"; };
		2A7172722976C84500B8ABA5 /* MainHomeCollectionViewCell.swift */ = {isa = PBXFileReference; lastKnownFileType = sourcecode.swift; path = MainHomeCollectionViewCell.swift; sourceTree = "<group>"; };
		2A7172742976C97C00B8ABA5 /* ItemDetailViewController.swift */ = {isa = PBXFileReference; lastKnownFileType = sourcecode.swift; path = ItemDetailViewController.swift; sourceTree = "<group>"; };
		2A7172762976CA5400B8ABA5 /* CategoryMenuViewController.swift */ = {isa = PBXFileReference; lastKnownFileType = sourcecode.swift; path = CategoryMenuViewController.swift; sourceTree = "<group>"; };
		2A7172782976CB3800B8ABA5 /* CategoryMenuCollectionViewCell.swift */ = {isa = PBXFileReference; lastKnownFileType = sourcecode.swift; path = CategoryMenuCollectionViewCell.swift; sourceTree = "<group>"; };
		2ADFCBBC29754F8D00D093EA /* HomeViewModel.swift */ = {isa = PBXFileReference; lastKnownFileType = sourcecode.swift; path = HomeViewModel.swift; sourceTree = "<group>"; };
		2ADFCBBE29754FD700D093EA /* NetworkService.swift */ = {isa = PBXFileReference; lastKnownFileType = sourcecode.swift; path = NetworkService.swift; sourceTree = "<group>"; };
		2ADFCBC029754FDF00D093EA /* Resource.swift */ = {isa = PBXFileReference; lastKnownFileType = sourcecode.swift; path = Resource.swift; sourceTree = "<group>"; };
		2ADFCBC2297551A700D093EA /* Publisher.swift */ = {isa = PBXFileReference; lastKnownFileType = sourcecode.swift; path = Publisher.swift; sourceTree = "<group>"; };
		49F92C8E89B48BD1DE1F0B6C /* Pods-Shop-ShopUITests.release.xcconfig */ = {isa = PBXFileReference; includeInIndex = 1; lastKnownFileType = text.xcconfig; name = "Pods-Shop-ShopUITests.release.xcconfig"; path = "Target Support Files/Pods-Shop-ShopUITests/Pods-Shop-ShopUITests.release.xcconfig"; sourceTree = "<group>"; };
		4EC06825F38A724D516A6C8A /* Pods_ShopTests.framework */ = {isa = PBXFileReference; explicitFileType = wrapper.framework; includeInIndex = 0; path = Pods_ShopTests.framework; sourceTree = BUILT_PRODUCTS_DIR; };
		6D05994DB07CEA19DCCF20DC /* Pods-Shop-ShopUITests.debug.xcconfig */ = {isa = PBXFileReference; includeInIndex = 1; lastKnownFileType = text.xcconfig; name = "Pods-Shop-ShopUITests.debug.xcconfig"; path = "Target Support Files/Pods-Shop-ShopUITests/Pods-Shop-ShopUITests.debug.xcconfig"; sourceTree = "<group>"; };
		9BC3927A0FA8149148905444 /* Pods_Shop.framework */ = {isa = PBXFileReference; explicitFileType = wrapper.framework; includeInIndex = 0; path = Pods_Shop.framework; sourceTree = BUILT_PRODUCTS_DIR; };
		A170A4BD3BCC5F73BFF88B6A /* Pods-Shop.release.xcconfig */ = {isa = PBXFileReference; includeInIndex = 1; lastKnownFileType = text.xcconfig; name = "Pods-Shop.release.xcconfig"; path = "Target Support Files/Pods-Shop/Pods-Shop.release.xcconfig"; sourceTree = "<group>"; };
		A4C542E3F140EE4D6D252E78 /* Pods-Shop.debug.xcconfig */ = {isa = PBXFileReference; includeInIndex = 1; lastKnownFileType = text.xcconfig; name = "Pods-Shop.debug.xcconfig"; path = "Target Support Files/Pods-Shop/Pods-Shop.debug.xcconfig"; sourceTree = "<group>"; };
		CA6D329448A51F13DD278580 /* Pods_Shop_ShopUITests.framework */ = {isa = PBXFileReference; explicitFileType = wrapper.framework; includeInIndex = 0; path = Pods_Shop_ShopUITests.framework; sourceTree = BUILT_PRODUCTS_DIR; };
		E785F6F889784C24726A2221 /* Pods-ShopTests.debug.xcconfig */ = {isa = PBXFileReference; includeInIndex = 1; lastKnownFileType = text.xcconfig; name = "Pods-ShopTests.debug.xcconfig"; path = "Target Support Files/Pods-ShopTests/Pods-ShopTests.debug.xcconfig"; sourceTree = "<group>"; };
/* End PBXFileReference section */

/* Begin PBXFrameworksBuildPhase section */
		2A50200829476626003B809E /* Frameworks */ = {
			isa = PBXFrameworksBuildPhase;
			buildActionMask = 2147483647;
			files = (
				2ADFCBC62975563500D093EA /* SnapKit in Frameworks */,
				94B3B1C534939BC26EC1B402 /* Pods_Shop.framework in Frameworks */,
				2A491DD62965C0F200F757FA /* Then in Frameworks */,
			);
			runOnlyForDeploymentPostprocessing = 0;
		};
		2A50201E29476627003B809E /* Frameworks */ = {
			isa = PBXFrameworksBuildPhase;
			buildActionMask = 2147483647;
			files = (
				88BE52FA835866B9EBCCA4E6 /* Pods_ShopTests.framework in Frameworks */,
			);
			runOnlyForDeploymentPostprocessing = 0;
		};
		2A50202829476627003B809E /* Frameworks */ = {
			isa = PBXFrameworksBuildPhase;
			buildActionMask = 2147483647;
			files = (
				C32085D8AE4A9093BF7C4471 /* Pods_Shop_ShopUITests.framework in Frameworks */,
			);
			runOnlyForDeploymentPostprocessing = 0;
		};
/* End PBXFrameworksBuildPhase section */

/* Begin PBXGroup section */
		250CDC9EB6F1F9FF50A4487A /* Pods */ = {
			isa = PBXGroup;
			children = (
				A4C542E3F140EE4D6D252E78 /* Pods-Shop.debug.xcconfig */,
				A170A4BD3BCC5F73BFF88B6A /* Pods-Shop.release.xcconfig */,
				6D05994DB07CEA19DCCF20DC /* Pods-Shop-ShopUITests.debug.xcconfig */,
				49F92C8E89B48BD1DE1F0B6C /* Pods-Shop-ShopUITests.release.xcconfig */,
				E785F6F889784C24726A2221 /* Pods-ShopTests.debug.xcconfig */,
				29C827C13B82260C69375F1B /* Pods-ShopTests.release.xcconfig */,
			);
			path = Pods;
			sourceTree = "<group>";
		};
		2A491DCA296310CC00F757FA /* KeyChain */ = {
			isa = PBXGroup;
			children = (
				2A491DC829630F5F00F757FA /* KeyChainHandler.swift */,
			);
			path = KeyChain;
			sourceTree = "<group>";
		};
		2A491DCD296314E700F757FA /* Path */ = {
			isa = PBXGroup;
			children = (
				2A491DCE2963150A00F757FA /* BaseTargetType.swift */,
				2ADFCBBE29754FD700D093EA /* NetworkService.swift */,
				2ADFCBC029754FDF00D093EA /* Resource.swift */,
				2A491DCB2963142A00F757FA /* Link.swift */,
			);
			path = Path;
			sourceTree = "<group>";
		};
		2A50200229476626003B809E = {
			isa = PBXGroup;
			children = (
				3880684BB6C16165ADD493F9 /* Frameworks */,
				2A671E4D295B20C10006E453 /* Item */,
				2A491DCA296310CC00F757FA /* KeyChain */,
				2A491DCD296314E700F757FA /* Path */,
				250CDC9EB6F1F9FF50A4487A /* Pods */,
				2A50200C29476626003B809E /* Products */,
				2A50200D29476626003B809E /* Shop */,
				2A50202429476627003B809E /* ShopTests */,
				2A50202E29476627003B809E /* ShopUITests */,
			);
			sourceTree = "<group>";
		};
		2A50200C29476626003B809E /* Products */ = {
			isa = PBXGroup;
			children = (
				2A50200B29476626003B809E /* Shop.app */,
				2A50202129476627003B809E /* ShopTests.xctest */,
				2A50202B29476627003B809E /* ShopUITests.xctest */,
			);
			name = Products;
			sourceTree = "<group>";
		};
		2A50200D29476626003B809E /* Shop */ = {
			isa = PBXGroup;
			children = (
				2A50200E29476626003B809E /* AppDelegate.swift */,
				2A50201729476627003B809E /* Assets.xcassets */,
				2A71726A2976C41B00B8ABA5 /* BackgroundViewController.swift */,
				2A71726E2976C5FD00B8ABA5 /* CartCollectionViewCell.swift */,
				2A71726C2976C5AB00B8ABA5 /* CartViewController.swift */,
				2A7172702976C66900B8ABA5 /* CartViewFooterCollectionReusableView.swift */,
				2A7172642976C09700B8ABA5 /* CategoryListCollectionViewCell.swift */,
				2A7172622976BEEB00B8ABA5 /* CategoryListViewController.swift */,
				2A7172762976CA5400B8ABA5 /* CategoryMenuViewController.swift */,
				2A7172782976CB3800B8ABA5 /* CategoryMenuCollectionViewCell.swift */,
				2A491DC62963059E00F757FA /* CreateIDViewController.swift */,
				2A2C36D7296C260800F2C9C2 /* CustomBarItem.swift */,
				2A491DD229658E7A00F757FA /* Extension.swift */,
				2ADFCBBC29754F8D00D093EA /* HomeViewModel.swift */,
				2A50201C29476627003B809E /* Info.plist */,
				2A7172742976C97C00B8ABA5 /* ItemDetailViewController.swift */,
				2A2C36DD29701DBF00F2C9C2 /* ItemInfoCell.swift */,
				2A50201929476627003B809E /* LaunchScreen.storyboard */,
				2A671E4E295B235F0006E453 /* LoginViewController.swift */,
				2A50201429476626003B809E /* Main.storyboard */,
				2A7172722976C84500B8ABA5 /* MainHomeCollectionViewCell.swift */,
				2A2C36D3296C224F00F2C9C2 /* MainHomeViewController.swift */,
				2A7172662976C23100B8ABA5 /* MyProfileViewController.swift */,
				2ADFCBC2297551A700D093EA /* Publisher.swift */,
				2A50201029476626003B809E /* SceneDelegate.swift */,
				2A2C36D1296C211900F2C9C2 /* TabBarController.swift */,
				2A2C36D9296C27B900F2C9C2 /* UIBarButtonItem+CustomView.swift */,
				2A7172682976C31E00B8ABA5 /* UploadProfileImageViewController.swift */,
				2A50201229476626003B809E /* ViewController.swift */,
			);
			path = Shop;
			sourceTree = "<group>";
		};
		2A50202429476627003B809E /* ShopTests */ = {
			isa = PBXGroup;
			children = (
				2A50202529476627003B809E /* ShopTests.swift */,
			);
			path = ShopTests;
			sourceTree = "<group>";
		};
		2A50202E29476627003B809E /* ShopUITests */ = {
			isa = PBXGroup;
			children = (
				2A50202F29476627003B809E /* ShopUITests.swift */,
				2A50203129476627003B809E /* ShopUITestsLaunchTests.swift */,
			);
			path = ShopUITests;
			sourceTree = "<group>";
		};
		2A671E4D295B20C10006E453 /* Item */ = {
			isa = PBXGroup;
			children = (
				2A50203E29476BE8003B809E /* product.swift */,
				2A671E4B295B20180006E453 /* Cart.swift */,
				2A491DD02963199E00F757FA /* user.swift */,
			);
			path = Item;
			sourceTree = "<group>";
		};
		3880684BB6C16165ADD493F9 /* Frameworks */ = {
			isa = PBXGroup;
			children = (
				9BC3927A0FA8149148905444 /* Pods_Shop.framework */,
				CA6D329448A51F13DD278580 /* Pods_Shop_ShopUITests.framework */,
				4EC06825F38A724D516A6C8A /* Pods_ShopTests.framework */,
			);
			name = Frameworks;
			sourceTree = "<group>";
		};
/* End PBXGroup section */

/* Begin PBXNativeTarget section */
		2A50200A29476626003B809E /* Shop */ = {
			isa = PBXNativeTarget;
			buildConfigurationList = 2A50203529476627003B809E /* Build configuration list for PBXNativeTarget "Shop" */;
			buildPhases = (
				56CC2E4297D9772FB1E47DE9 /* [CP] Check Pods Manifest.lock */,
				2A50200729476626003B809E /* Sources */,
				2A50200829476626003B809E /* Frameworks */,
				2A50200929476626003B809E /* Resources */,
				A69E1032CD934BA1D41A70BB /* [CP] Embed Pods Frameworks */,
			);
			buildRules = (
			);
			dependencies = (
			);
			name = Shop;
			packageProductDependencies = (
				2A491DD52965C0F200F757FA /* Then */,
				2ADFCBC52975563500D093EA /* SnapKit */,
			);
			productName = Shop;
			productReference = 2A50200B29476626003B809E /* Shop.app */;
			productType = "com.apple.product-type.application";
		};
		2A50202029476627003B809E /* ShopTests */ = {
			isa = PBXNativeTarget;
			buildConfigurationList = 2A50203829476627003B809E /* Build configuration list for PBXNativeTarget "ShopTests" */;
			buildPhases = (
				EF74ED392C62FC4CE26DF0CD /* [CP] Check Pods Manifest.lock */,
				2A50201D29476627003B809E /* Sources */,
				2A50201E29476627003B809E /* Frameworks */,
				2A50201F29476627003B809E /* Resources */,
			);
			buildRules = (
			);
			dependencies = (
				2A50202329476627003B809E /* PBXTargetDependency */,
			);
			name = ShopTests;
			productName = ShopTests;
			productReference = 2A50202129476627003B809E /* ShopTests.xctest */;
			productType = "com.apple.product-type.bundle.unit-test";
		};
		2A50202A29476627003B809E /* ShopUITests */ = {
			isa = PBXNativeTarget;
			buildConfigurationList = 2A50203B29476627003B809E /* Build configuration list for PBXNativeTarget "ShopUITests" */;
			buildPhases = (
				D00BDB8B7CBA5C6C505CC18D /* [CP] Check Pods Manifest.lock */,
				2A50202729476627003B809E /* Sources */,
				2A50202829476627003B809E /* Frameworks */,
				2A50202929476627003B809E /* Resources */,
				62F7584D9AA6B989C0596DC0 /* [CP] Embed Pods Frameworks */,
			);
			buildRules = (
			);
			dependencies = (
				2A50202D29476627003B809E /* PBXTargetDependency */,
			);
			name = ShopUITests;
			productName = ShopUITests;
			productReference = 2A50202B29476627003B809E /* ShopUITests.xctest */;
			productType = "com.apple.product-type.bundle.ui-testing";
		};
/* End PBXNativeTarget section */

/* Begin PBXProject section */
		2A50200329476626003B809E /* Project object */ = {
			isa = PBXProject;
			attributes = {
				BuildIndependentTargetsInParallel = 1;
				LastSwiftUpdateCheck = 1400;
				LastUpgradeCheck = 1400;
				TargetAttributes = {
					2A50200A29476626003B809E = {
						CreatedOnToolsVersion = 14.0.1;
					};
					2A50202029476627003B809E = {
						CreatedOnToolsVersion = 14.0.1;
						TestTargetID = 2A50200A29476626003B809E;
					};
					2A50202A29476627003B809E = {
						CreatedOnToolsVersion = 14.0.1;
						TestTargetID = 2A50200A29476626003B809E;
					};
				};
			};
			buildConfigurationList = 2A50200629476626003B809E /* Build configuration list for PBXProject "Shop" */;
			compatibilityVersion = "Xcode 13.0";
			developmentRegion = en;
			hasScannedForEncodings = 0;
			knownRegions = (
				en,
				Base,
			);
			mainGroup = 2A50200229476626003B809E;
			packageReferences = (
				2A491DD42965C0F200F757FA /* XCRemoteSwiftPackageReference "Then" */,
				2ADFCBC42975563500D093EA /* XCRemoteSwiftPackageReference "SnapKit" */,
			);
			productRefGroup = 2A50200C29476626003B809E /* Products */;
			projectDirPath = "";
			projectRoot = "";
			targets = (
				2A50200A29476626003B809E /* Shop */,
				2A50202029476627003B809E /* ShopTests */,
				2A50202A29476627003B809E /* ShopUITests */,
			);
		};
/* End PBXProject section */

/* Begin PBXResourcesBuildPhase section */
		2A50200929476626003B809E /* Resources */ = {
			isa = PBXResourcesBuildPhase;
			buildActionMask = 2147483647;
			files = (
				2A50201B29476627003B809E /* LaunchScreen.storyboard in Resources */,
				2A50201829476627003B809E /* Assets.xcassets in Resources */,
				2A50201629476626003B809E /* Main.storyboard in Resources */,
			);
			runOnlyForDeploymentPostprocessing = 0;
		};
		2A50201F29476627003B809E /* Resources */ = {
			isa = PBXResourcesBuildPhase;
			buildActionMask = 2147483647;
			files = (
			);
			runOnlyForDeploymentPostprocessing = 0;
		};
		2A50202929476627003B809E /* Resources */ = {
			isa = PBXResourcesBuildPhase;
			buildActionMask = 2147483647;
			files = (
			);
			runOnlyForDeploymentPostprocessing = 0;
		};
/* End PBXResourcesBuildPhase section */

/* Begin PBXShellScriptBuildPhase section */
		56CC2E4297D9772FB1E47DE9 /* [CP] Check Pods Manifest.lock */ = {
			isa = PBXShellScriptBuildPhase;
			buildActionMask = 2147483647;
			files = (
			);
			inputFileListPaths = (
			);
			inputPaths = (
				"${PODS_PODFILE_DIR_PATH}/Podfile.lock",
				"${PODS_ROOT}/Manifest.lock",
			);
			name = "[CP] Check Pods Manifest.lock";
			outputFileListPaths = (
			);
			outputPaths = (
				"$(DERIVED_FILE_DIR)/Pods-Shop-checkManifestLockResult.txt",
			);
			runOnlyForDeploymentPostprocessing = 0;
			shellPath = /bin/sh;
			shellScript = "diff \"${PODS_PODFILE_DIR_PATH}/Podfile.lock\" \"${PODS_ROOT}/Manifest.lock\" > /dev/null\nif [ $? != 0 ] ; then\n    # print error to STDERR\n    echo \"error: The sandbox is not in sync with the Podfile.lock. Run 'pod install' or update your CocoaPods installation.\" >&2\n    exit 1\nfi\n# This output is used by Xcode 'outputs' to avoid re-running this script phase.\necho \"SUCCESS\" > \"${SCRIPT_OUTPUT_FILE_0}\"\n";
			showEnvVarsInLog = 0;
		};
		62F7584D9AA6B989C0596DC0 /* [CP] Embed Pods Frameworks */ = {
			isa = PBXShellScriptBuildPhase;
			buildActionMask = 2147483647;
			files = (
			);
			inputFileListPaths = (
				"${PODS_ROOT}/Target Support Files/Pods-Shop-ShopUITests/Pods-Shop-ShopUITests-frameworks-${CONFIGURATION}-input-files.xcfilelist",
			);
			name = "[CP] Embed Pods Frameworks";
			outputFileListPaths = (
				"${PODS_ROOT}/Target Support Files/Pods-Shop-ShopUITests/Pods-Shop-ShopUITests-frameworks-${CONFIGURATION}-output-files.xcfilelist",
			);
			runOnlyForDeploymentPostprocessing = 0;
			shellPath = /bin/sh;
			shellScript = "\"${PODS_ROOT}/Target Support Files/Pods-Shop-ShopUITests/Pods-Shop-ShopUITests-frameworks.sh\"\n";
			showEnvVarsInLog = 0;
		};
		A69E1032CD934BA1D41A70BB /* [CP] Embed Pods Frameworks */ = {
			isa = PBXShellScriptBuildPhase;
			buildActionMask = 2147483647;
			files = (
			);
			inputFileListPaths = (
				"${PODS_ROOT}/Target Support Files/Pods-Shop/Pods-Shop-frameworks-${CONFIGURATION}-input-files.xcfilelist",
			);
			name = "[CP] Embed Pods Frameworks";
			outputFileListPaths = (
				"${PODS_ROOT}/Target Support Files/Pods-Shop/Pods-Shop-frameworks-${CONFIGURATION}-output-files.xcfilelist",
			);
			runOnlyForDeploymentPostprocessing = 0;
			shellPath = /bin/sh;
			shellScript = "\"${PODS_ROOT}/Target Support Files/Pods-Shop/Pods-Shop-frameworks.sh\"\n";
			showEnvVarsInLog = 0;
		};
		D00BDB8B7CBA5C6C505CC18D /* [CP] Check Pods Manifest.lock */ = {
			isa = PBXShellScriptBuildPhase;
			buildActionMask = 2147483647;
			files = (
			);
			inputFileListPaths = (
			);
			inputPaths = (
				"${PODS_PODFILE_DIR_PATH}/Podfile.lock",
				"${PODS_ROOT}/Manifest.lock",
			);
			name = "[CP] Check Pods Manifest.lock";
			outputFileListPaths = (
			);
			outputPaths = (
				"$(DERIVED_FILE_DIR)/Pods-Shop-ShopUITests-checkManifestLockResult.txt",
			);
			runOnlyForDeploymentPostprocessing = 0;
			shellPath = /bin/sh;
			shellScript = "diff \"${PODS_PODFILE_DIR_PATH}/Podfile.lock\" \"${PODS_ROOT}/Manifest.lock\" > /dev/null\nif [ $? != 0 ] ; then\n    # print error to STDERR\n    echo \"error: The sandbox is not in sync with the Podfile.lock. Run 'pod install' or update your CocoaPods installation.\" >&2\n    exit 1\nfi\n# This output is used by Xcode 'outputs' to avoid re-running this script phase.\necho \"SUCCESS\" > \"${SCRIPT_OUTPUT_FILE_0}\"\n";
			showEnvVarsInLog = 0;
		};
		EF74ED392C62FC4CE26DF0CD /* [CP] Check Pods Manifest.lock */ = {
			isa = PBXShellScriptBuildPhase;
			buildActionMask = 2147483647;
			files = (
			);
			inputFileListPaths = (
			);
			inputPaths = (
				"${PODS_PODFILE_DIR_PATH}/Podfile.lock",
				"${PODS_ROOT}/Manifest.lock",
			);
			name = "[CP] Check Pods Manifest.lock";
			outputFileListPaths = (
			);
			outputPaths = (
				"$(DERIVED_FILE_DIR)/Pods-ShopTests-checkManifestLockResult.txt",
			);
			runOnlyForDeploymentPostprocessing = 0;
			shellPath = /bin/sh;
			shellScript = "diff \"${PODS_PODFILE_DIR_PATH}/Podfile.lock\" \"${PODS_ROOT}/Manifest.lock\" > /dev/null\nif [ $? != 0 ] ; then\n    # print error to STDERR\n    echo \"error: The sandbox is not in sync with the Podfile.lock. Run 'pod install' or update your CocoaPods installation.\" >&2\n    exit 1\nfi\n# This output is used by Xcode 'outputs' to avoid re-running this script phase.\necho \"SUCCESS\" > \"${SCRIPT_OUTPUT_FILE_0}\"\n";
			showEnvVarsInLog = 0;
		};
/* End PBXShellScriptBuildPhase section */

/* Begin PBXSourcesBuildPhase section */
		2A50200729476626003B809E /* Sources */ = {
			isa = PBXSourcesBuildPhase;
			buildActionMask = 2147483647;
			files = (
				2A7172652976C09700B8ABA5 /* CategoryListCollectionViewCell.swift in Sources */,
				2A7172692976C31E00B8ABA5 /* UploadProfileImageViewController.swift in Sources */,
				2A491DC72963059E00F757FA /* CreateIDViewController.swift in Sources */,
				2A2C36D2296C211900F2C9C2 /* TabBarController.swift in Sources */,
				2A7172732976C84500B8ABA5 /* MainHomeCollectionViewCell.swift in Sources */,
				2ADFCBC129754FDF00D093EA /* Resource.swift in Sources */,
				2ADFCBBD29754F8E00D093EA /* HomeViewModel.swift in Sources */,
				2A2C36D4296C224F00F2C9C2 /* MainHomeViewController.swift in Sources */,
				2A7172672976C23100B8ABA5 /* MyProfileViewController.swift in Sources */,
				2A71726F2976C5FD00B8ABA5 /* CartCollectionViewCell.swift in Sources */,
				2A2C36DE29701DBF00F2C9C2 /* ItemInfoCell.swift in Sources */,
				2A671E4F295B235F0006E453 /* LoginViewController.swift in Sources */,
				2A71726B2976C41B00B8ABA5 /* BackgroundViewController.swift in Sources */,
				2A491DC929630F5F00F757FA /* KeyChainHandler.swift in Sources */,
				2A7172712976C66900B8ABA5 /* CartViewFooterCollectionReusableView.swift in Sources */,
				2A2C36DA296C27B900F2C9C2 /* UIBarButtonItem+CustomView.swift in Sources */,
				2A7172792976CB3800B8ABA5 /* CategoryMenuCollectionViewCell.swift in Sources */,
				2A491DD329658E7A00F757FA /* Extension.swift in Sources */,
				2A50201329476626003B809E /* ViewController.swift in Sources */,
				2ADFCBC3297551A700D093EA /* Publisher.swift in Sources */,
				2A50203F29476BE8003B809E /* product.swift in Sources */,
				2A7172632976BEEB00B8ABA5 /* CategoryListViewController.swift in Sources */,
				2ADFCBBF29754FD700D093EA /* NetworkService.swift in Sources */,
				2A7172752976C97C00B8ABA5 /* ItemDetailViewController.swift in Sources */,
				2A491DCF2963150A00F757FA /* BaseTargetType.swift in Sources */,
				2A671E4C295B20180006E453 /* Cart.swift in Sources */,
				2A491DCC2963142A00F757FA /* Link.swift in Sources */,
				2A7172772976CA5500B8ABA5 /* CategoryMenuViewController.swift in Sources */,
				2A50200F29476626003B809E /* AppDelegate.swift in Sources */,
				2A2C36D8296C260800F2C9C2 /* CustomBarItem.swift in Sources */,
				2A491DD12963199E00F757FA /* user.swift in Sources */,
				2A71726D2976C5AB00B8ABA5 /* CartViewController.swift in Sources */,
				2A50201129476626003B809E /* SceneDelegate.swift in Sources */,
			);
			runOnlyForDeploymentPostprocessing = 0;
		};
		2A50201D29476627003B809E /* Sources */ = {
			isa = PBXSourcesBuildPhase;
			buildActionMask = 2147483647;
			files = (
				2A50202629476627003B809E /* ShopTests.swift in Sources */,
			);
			runOnlyForDeploymentPostprocessing = 0;
		};
		2A50202729476627003B809E /* Sources */ = {
			isa = PBXSourcesBuildPhase;
			buildActionMask = 2147483647;
			files = (
				2A50203229476627003B809E /* ShopUITestsLaunchTests.swift in Sources */,
				2A50203029476627003B809E /* ShopUITests.swift in Sources */,
			);
			runOnlyForDeploymentPostprocessing = 0;
		};
/* End PBXSourcesBuildPhase section */

/* Begin PBXTargetDependency section */
		2A50202329476627003B809E /* PBXTargetDependency */ = {
			isa = PBXTargetDependency;
			target = 2A50200A29476626003B809E /* Shop */;
			targetProxy = 2A50202229476627003B809E /* PBXContainerItemProxy */;
		};
		2A50202D29476627003B809E /* PBXTargetDependency */ = {
			isa = PBXTargetDependency;
			target = 2A50200A29476626003B809E /* Shop */;
			targetProxy = 2A50202C29476627003B809E /* PBXContainerItemProxy */;
		};
/* End PBXTargetDependency section */

/* Begin PBXVariantGroup section */
		2A50201429476626003B809E /* Main.storyboard */ = {
			isa = PBXVariantGroup;
			children = (
				2A50201529476626003B809E /* Base */,
			);
			name = Main.storyboard;
			sourceTree = "<group>";
		};
		2A50201929476627003B809E /* LaunchScreen.storyboard */ = {
			isa = PBXVariantGroup;
			children = (
				2A50201A29476627003B809E /* Base */,
			);
			name = LaunchScreen.storyboard;
			sourceTree = "<group>";
		};
/* End PBXVariantGroup section */

/* Begin XCBuildConfiguration section */
		2A50203329476627003B809E /* Debug */ = {
			isa = XCBuildConfiguration;
			buildSettings = {
				ALWAYS_SEARCH_USER_PATHS = NO;
				CLANG_ANALYZER_NONNULL = YES;
				CLANG_ANALYZER_NUMBER_OBJECT_CONVERSION = YES_AGGRESSIVE;
				CLANG_CXX_LANGUAGE_STANDARD = "gnu++20";
				CLANG_ENABLE_MODULES = YES;
				CLANG_ENABLE_OBJC_ARC = YES;
				CLANG_ENABLE_OBJC_WEAK = YES;
				CLANG_WARN_BLOCK_CAPTURE_AUTORELEASING = YES;
				CLANG_WARN_BOOL_CONVERSION = YES;
				CLANG_WARN_COMMA = YES;
				CLANG_WARN_CONSTANT_CONVERSION = YES;
				CLANG_WARN_DEPRECATED_OBJC_IMPLEMENTATIONS = YES;
				CLANG_WARN_DIRECT_OBJC_ISA_USAGE = YES_ERROR;
				CLANG_WARN_DOCUMENTATION_COMMENTS = YES;
				CLANG_WARN_EMPTY_BODY = YES;
				CLANG_WARN_ENUM_CONVERSION = YES;
				CLANG_WARN_INFINITE_RECURSION = YES;
				CLANG_WARN_INT_CONVERSION = YES;
				CLANG_WARN_NON_LITERAL_NULL_CONVERSION = YES;
				CLANG_WARN_OBJC_IMPLICIT_RETAIN_SELF = YES;
				CLANG_WARN_OBJC_LITERAL_CONVERSION = YES;
				CLANG_WARN_OBJC_ROOT_CLASS = YES_ERROR;
				CLANG_WARN_QUOTED_INCLUDE_IN_FRAMEWORK_HEADER = YES;
				CLANG_WARN_RANGE_LOOP_ANALYSIS = YES;
				CLANG_WARN_STRICT_PROTOTYPES = YES;
				CLANG_WARN_SUSPICIOUS_MOVE = YES;
				CLANG_WARN_UNGUARDED_AVAILABILITY = YES_AGGRESSIVE;
				CLANG_WARN_UNREACHABLE_CODE = YES;
				CLANG_WARN__DUPLICATE_METHOD_MATCH = YES;
				COPY_PHASE_STRIP = NO;
				DEBUG_INFORMATION_FORMAT = dwarf;
				ENABLE_STRICT_OBJC_MSGSEND = YES;
				ENABLE_TESTABILITY = YES;
				GCC_C_LANGUAGE_STANDARD = gnu11;
				GCC_DYNAMIC_NO_PIC = NO;
				GCC_NO_COMMON_BLOCKS = YES;
				GCC_OPTIMIZATION_LEVEL = 0;
				GCC_PREPROCESSOR_DEFINITIONS = (
					"DEBUG=1",
					"$(inherited)",
				);
				GCC_WARN_64_TO_32_BIT_CONVERSION = YES;
				GCC_WARN_ABOUT_RETURN_TYPE = YES_ERROR;
				GCC_WARN_UNDECLARED_SELECTOR = YES;
				GCC_WARN_UNINITIALIZED_AUTOS = YES_AGGRESSIVE;
				GCC_WARN_UNUSED_FUNCTION = YES;
				GCC_WARN_UNUSED_VARIABLE = YES;
				IPHONEOS_DEPLOYMENT_TARGET = 16.0;
				MTL_ENABLE_DEBUG_INFO = INCLUDE_SOURCE;
				MTL_FAST_MATH = YES;
				ONLY_ACTIVE_ARCH = YES;
				SDKROOT = iphoneos;
				SWIFT_ACTIVE_COMPILATION_CONDITIONS = DEBUG;
				SWIFT_OPTIMIZATION_LEVEL = "-Onone";
			};
			name = Debug;
		};
		2A50203429476627003B809E /* Release */ = {
			isa = XCBuildConfiguration;
			buildSettings = {
				ALWAYS_SEARCH_USER_PATHS = NO;
				CLANG_ANALYZER_NONNULL = YES;
				CLANG_ANALYZER_NUMBER_OBJECT_CONVERSION = YES_AGGRESSIVE;
				CLANG_CXX_LANGUAGE_STANDARD = "gnu++20";
				CLANG_ENABLE_MODULES = YES;
				CLANG_ENABLE_OBJC_ARC = YES;
				CLANG_ENABLE_OBJC_WEAK = YES;
				CLANG_WARN_BLOCK_CAPTURE_AUTORELEASING = YES;
				CLANG_WARN_BOOL_CONVERSION = YES;
				CLANG_WARN_COMMA = YES;
				CLANG_WARN_CONSTANT_CONVERSION = YES;
				CLANG_WARN_DEPRECATED_OBJC_IMPLEMENTATIONS = YES;
				CLANG_WARN_DIRECT_OBJC_ISA_USAGE = YES_ERROR;
				CLANG_WARN_DOCUMENTATION_COMMENTS = YES;
				CLANG_WARN_EMPTY_BODY = YES;
				CLANG_WARN_ENUM_CONVERSION = YES;
				CLANG_WARN_INFINITE_RECURSION = YES;
				CLANG_WARN_INT_CONVERSION = YES;
				CLANG_WARN_NON_LITERAL_NULL_CONVERSION = YES;
				CLANG_WARN_OBJC_IMPLICIT_RETAIN_SELF = YES;
				CLANG_WARN_OBJC_LITERAL_CONVERSION = YES;
				CLANG_WARN_OBJC_ROOT_CLASS = YES_ERROR;
				CLANG_WARN_QUOTED_INCLUDE_IN_FRAMEWORK_HEADER = YES;
				CLANG_WARN_RANGE_LOOP_ANALYSIS = YES;
				CLANG_WARN_STRICT_PROTOTYPES = YES;
				CLANG_WARN_SUSPICIOUS_MOVE = YES;
				CLANG_WARN_UNGUARDED_AVAILABILITY = YES_AGGRESSIVE;
				CLANG_WARN_UNREACHABLE_CODE = YES;
				CLANG_WARN__DUPLICATE_METHOD_MATCH = YES;
				COPY_PHASE_STRIP = NO;
				DEBUG_INFORMATION_FORMAT = "dwarf-with-dsym";
				ENABLE_NS_ASSERTIONS = NO;
				ENABLE_STRICT_OBJC_MSGSEND = YES;
				GCC_C_LANGUAGE_STANDARD = gnu11;
				GCC_NO_COMMON_BLOCKS = YES;
				GCC_WARN_64_TO_32_BIT_CONVERSION = YES;
				GCC_WARN_ABOUT_RETURN_TYPE = YES_ERROR;
				GCC_WARN_UNDECLARED_SELECTOR = YES;
				GCC_WARN_UNINITIALIZED_AUTOS = YES_AGGRESSIVE;
				GCC_WARN_UNUSED_FUNCTION = YES;
				GCC_WARN_UNUSED_VARIABLE = YES;
				IPHONEOS_DEPLOYMENT_TARGET = 16.0;
				MTL_ENABLE_DEBUG_INFO = NO;
				MTL_FAST_MATH = YES;
				SDKROOT = iphoneos;
				SWIFT_COMPILATION_MODE = wholemodule;
				SWIFT_OPTIMIZATION_LEVEL = "-O";
				VALIDATE_PRODUCT = YES;
			};
			name = Release;
		};
		2A50203629476627003B809E /* Debug */ = {
			isa = XCBuildConfiguration;
			baseConfigurationReference = A4C542E3F140EE4D6D252E78 /* Pods-Shop.debug.xcconfig */;
			buildSettings = {
				ASSETCATALOG_COMPILER_APPICON_NAME = AppIcon;
				ASSETCATALOG_COMPILER_GLOBAL_ACCENT_COLOR_NAME = AccentColor;
				CODE_SIGN_STYLE = Automatic;
				CURRENT_PROJECT_VERSION = 1;
				DEVELOPMENT_TEAM = 3P94WK3K35;
				GENERATE_INFOPLIST_FILE = YES;
				INFOPLIST_FILE = Shop/Info.plist;
				INFOPLIST_KEY_UIApplicationSupportsIndirectInputEvents = YES;
				INFOPLIST_KEY_UILaunchStoryboardName = LaunchScreen;
				INFOPLIST_KEY_UIMainStoryboardFile = Main;
				INFOPLIST_KEY_UISupportedInterfaceOrientations_iPad = "UIInterfaceOrientationPortrait UIInterfaceOrientationPortraitUpsideDown UIInterfaceOrientationLandscapeLeft UIInterfaceOrientationLandscapeRight";
				INFOPLIST_KEY_UISupportedInterfaceOrientations_iPhone = "UIInterfaceOrientationPortrait UIInterfaceOrientationLandscapeLeft UIInterfaceOrientationLandscapeRight";
				LD_RUNPATH_SEARCH_PATHS = (
					"$(inherited)",
					"@executable_path/Frameworks",
				);
				MARKETING_VERSION = 1.0;
				PRODUCT_BUNDLE_IDENTIFIER = com.wooju.test.Shop;
				PRODUCT_NAME = "$(TARGET_NAME)";
				SWIFT_EMIT_LOC_STRINGS = YES;
				SWIFT_VERSION = 5.0;
				TARGETED_DEVICE_FAMILY = "1,2";
			};
			name = Debug;
		};
		2A50203729476627003B809E /* Release */ = {
			isa = XCBuildConfiguration;
			baseConfigurationReference = A170A4BD3BCC5F73BFF88B6A /* Pods-Shop.release.xcconfig */;
			buildSettings = {
				ASSETCATALOG_COMPILER_APPICON_NAME = AppIcon;
				ASSETCATALOG_COMPILER_GLOBAL_ACCENT_COLOR_NAME = AccentColor;
				CODE_SIGN_STYLE = Automatic;
				CURRENT_PROJECT_VERSION = 1;
				DEVELOPMENT_TEAM = 3P94WK3K35;
				GENERATE_INFOPLIST_FILE = YES;
				INFOPLIST_FILE = Shop/Info.plist;
				INFOPLIST_KEY_UIApplicationSupportsIndirectInputEvents = YES;
				INFOPLIST_KEY_UILaunchStoryboardName = LaunchScreen;
				INFOPLIST_KEY_UIMainStoryboardFile = Main;
				INFOPLIST_KEY_UISupportedInterfaceOrientations_iPad = "UIInterfaceOrientationPortrait UIInterfaceOrientationPortraitUpsideDown UIInterfaceOrientationLandscapeLeft UIInterfaceOrientationLandscapeRight";
				INFOPLIST_KEY_UISupportedInterfaceOrientations_iPhone = "UIInterfaceOrientationPortrait UIInterfaceOrientationLandscapeLeft UIInterfaceOrientationLandscapeRight";
				LD_RUNPATH_SEARCH_PATHS = (
					"$(inherited)",
					"@executable_path/Frameworks",
				);
				MARKETING_VERSION = 1.0;
				PRODUCT_BUNDLE_IDENTIFIER = com.wooju.test.Shop;
				PRODUCT_NAME = "$(TARGET_NAME)";
				SWIFT_EMIT_LOC_STRINGS = YES;
				SWIFT_VERSION = 5.0;
				TARGETED_DEVICE_FAMILY = "1,2";
			};
			name = Release;
		};
		2A50203929476627003B809E /* Debug */ = {
			isa = XCBuildConfiguration;
			baseConfigurationReference = E785F6F889784C24726A2221 /* Pods-ShopTests.debug.xcconfig */;
			buildSettings = {
				ALWAYS_EMBED_SWIFT_STANDARD_LIBRARIES = YES;
				BUNDLE_LOADER = "$(TEST_HOST)";
				CODE_SIGN_STYLE = Automatic;
				CURRENT_PROJECT_VERSION = 1;
				DEVELOPMENT_TEAM = 3P94WK3K35;
				GENERATE_INFOPLIST_FILE = YES;
				IPHONEOS_DEPLOYMENT_TARGET = 16.0;
				MARKETING_VERSION = 1.0;
				PRODUCT_BUNDLE_IDENTIFIER = com.wooju.test.ShopTests;
				PRODUCT_NAME = "$(TARGET_NAME)";
				SWIFT_EMIT_LOC_STRINGS = NO;
				SWIFT_VERSION = 5.0;
				TARGETED_DEVICE_FAMILY = "1,2";
				TEST_HOST = "$(BUILT_PRODUCTS_DIR)/Shop.app/$(BUNDLE_EXECUTABLE_FOLDER_PATH)/Shop";
			};
			name = Debug;
		};
		2A50203A29476627003B809E /* Release */ = {
			isa = XCBuildConfiguration;
			baseConfigurationReference = 29C827C13B82260C69375F1B /* Pods-ShopTests.release.xcconfig */;
			buildSettings = {
				ALWAYS_EMBED_SWIFT_STANDARD_LIBRARIES = YES;
				BUNDLE_LOADER = "$(TEST_HOST)";
				CODE_SIGN_STYLE = Automatic;
				CURRENT_PROJECT_VERSION = 1;
				DEVELOPMENT_TEAM = 3P94WK3K35;
				GENERATE_INFOPLIST_FILE = YES;
				IPHONEOS_DEPLOYMENT_TARGET = 16.0;
				MARKETING_VERSION = 1.0;
				PRODUCT_BUNDLE_IDENTIFIER = com.wooju.test.ShopTests;
				PRODUCT_NAME = "$(TARGET_NAME)";
				SWIFT_EMIT_LOC_STRINGS = NO;
				SWIFT_VERSION = 5.0;
				TARGETED_DEVICE_FAMILY = "1,2";
				TEST_HOST = "$(BUILT_PRODUCTS_DIR)/Shop.app/$(BUNDLE_EXECUTABLE_FOLDER_PATH)/Shop";
			};
			name = Release;
		};
		2A50203C29476627003B809E /* Debug */ = {
			isa = XCBuildConfiguration;
			baseConfigurationReference = 6D05994DB07CEA19DCCF20DC /* Pods-Shop-ShopUITests.debug.xcconfig */;
			buildSettings = {
				ALWAYS_EMBED_SWIFT_STANDARD_LIBRARIES = YES;
				CODE_SIGN_STYLE = Automatic;
				CURRENT_PROJECT_VERSION = 1;
				DEVELOPMENT_TEAM = 3P94WK3K35;
				GENERATE_INFOPLIST_FILE = YES;
				MARKETING_VERSION = 1.0;
				PRODUCT_BUNDLE_IDENTIFIER = com.wooju.test.ShopUITests;
				PRODUCT_NAME = "$(TARGET_NAME)";
				SWIFT_EMIT_LOC_STRINGS = NO;
				SWIFT_VERSION = 5.0;
				TARGETED_DEVICE_FAMILY = "1,2";
				TEST_TARGET_NAME = Shop;
			};
			name = Debug;
		};
		2A50203D29476627003B809E /* Release */ = {
			isa = XCBuildConfiguration;
			baseConfigurationReference = 49F92C8E89B48BD1DE1F0B6C /* Pods-Shop-ShopUITests.release.xcconfig */;
			buildSettings = {
				ALWAYS_EMBED_SWIFT_STANDARD_LIBRARIES = YES;
				CODE_SIGN_STYLE = Automatic;
				CURRENT_PROJECT_VERSION = 1;
				DEVELOPMENT_TEAM = 3P94WK3K35;
				GENERATE_INFOPLIST_FILE = YES;
				MARKETING_VERSION = 1.0;
				PRODUCT_BUNDLE_IDENTIFIER = com.wooju.test.ShopUITests;
				PRODUCT_NAME = "$(TARGET_NAME)";
				SWIFT_EMIT_LOC_STRINGS = NO;
				SWIFT_VERSION = 5.0;
				TARGETED_DEVICE_FAMILY = "1,2";
				TEST_TARGET_NAME = Shop;
			};
			name = Release;
		};
/* End XCBuildConfiguration section */

/* Begin XCConfigurationList section */
		2A50200629476626003B809E /* Build configuration list for PBXProject "Shop" */ = {
			isa = XCConfigurationList;
			buildConfigurations = (
				2A50203329476627003B809E /* Debug */,
				2A50203429476627003B809E /* Release */,
			);
			defaultConfigurationIsVisible = 0;
			defaultConfigurationName = Release;
		};
		2A50203529476627003B809E /* Build configuration list for PBXNativeTarget "Shop" */ = {
			isa = XCConfigurationList;
			buildConfigurations = (
				2A50203629476627003B809E /* Debug */,
				2A50203729476627003B809E /* Release */,
			);
			defaultConfigurationIsVisible = 0;
			defaultConfigurationName = Release;
		};
		2A50203829476627003B809E /* Build configuration list for PBXNativeTarget "ShopTests" */ = {
			isa = XCConfigurationList;
			buildConfigurations = (
				2A50203929476627003B809E /* Debug */,
				2A50203A29476627003B809E /* Release */,
			);
			defaultConfigurationIsVisible = 0;
			defaultConfigurationName = Release;
		};
		2A50203B29476627003B809E /* Build configuration list for PBXNativeTarget "ShopUITests" */ = {
			isa = XCConfigurationList;
			buildConfigurations = (
				2A50203C29476627003B809E /* Debug */,
				2A50203D29476627003B809E /* Release */,
			);
			defaultConfigurationIsVisible = 0;
			defaultConfigurationName = Release;
		};
/* End XCConfigurationList section */

/* Begin XCRemoteSwiftPackageReference section */
		2A491DD42965C0F200F757FA /* XCRemoteSwiftPackageReference "Then" */ = {
			isa = XCRemoteSwiftPackageReference;
			repositoryURL = "https://github.com/devxoul/Then.git";
			requirement = {
				kind = exactVersion;
				version = 3.0.0;
			};
		};
		2ADFCBC42975563500D093EA /* XCRemoteSwiftPackageReference "SnapKit" */ = {
			isa = XCRemoteSwiftPackageReference;
			repositoryURL = "https://github.com/SnapKit/SnapKit.git";
			requirement = {
				kind = versionRange;
				maximumVersion = 6.0.0;
				minimumVersion = 5.0.0;
			};
		};
/* End XCRemoteSwiftPackageReference section */

/* Begin XCSwiftPackageProductDependency section */
		2A491DD52965C0F200F757FA /* Then */ = {
			isa = XCSwiftPackageProductDependency;
			package = 2A491DD42965C0F200F757FA /* XCRemoteSwiftPackageReference "Then" */;
			productName = Then;
		};
		2ADFCBC52975563500D093EA /* SnapKit */ = {
			isa = XCSwiftPackageProductDependency;
			package = 2ADFCBC42975563500D093EA /* XCRemoteSwiftPackageReference "SnapKit" */;
			productName = SnapKit;
		};
/* End XCSwiftPackageProductDependency section */
	};
	rootObject = 2A50200329476626003B809E /* Project object */;
}
